
Microsoft Visual Studio Solution File, Format Version 12.00
# Visual Studio Version 16
VisualStudioVersion = 16.0.29306.81
MinimumVisualStudioVersion = 10.0.40219.1
Project("{FAE04EC0-301F-11D3-BF4B-00C04F79EFBC}") = "SenderMQ", "SenderMQ\SenderMQ.csproj", "{33FE4B76-395D-4A3C-A871-FBCB677C31DE}"
EndProject
Global
	GlobalSection(SolutionConfigurationPlatforms) = preSolution
		Debug|Any CPU = Debug|Any CPU
		Release|Any CPU = Release|Any CPU
	EndGlobalSection
	GlobalSection(ProjectConfigurationPlatforms) = postSolution
		{33FE4B76-395D-4A3C-A871-FBCB677C31DE}.Debug|Any CPU.ActiveCfg = Debug|Any CPU
		{33FE4B76-395D-4A3C-A871-FBCB677C31DE}.Debug|Any CPU.Build.0 = Debug|Any CPU
		{33FE4B76-395D-4A3C-A871-FBCB677C31DE}.Release|Any CPU.ActiveCfg = Release|Any CPU
		{33FE4B76-395D-4A3C-A871-FBCB677C31DE}.Release|Any CPU.Build.0 = Release|Any CPU
	EndGlobalSection
	GlobalSection(SolutionProperties) = preSolution
		HideSolutionNode = FALSE
	EndGlobalSection
	GlobalSection(ExtensibilityGlobals) = postSolution
		SolutionGuid = {62402F14-D75C-47A9-90AD-B00D3E0AC6E3}
	EndGlobalSection
EndGlobal
